// !$*UTF8*$!
{
	archiveVersion = 1;
	classes = {
	};
	objectVersion = 48;
	objects = {

/* Begin PBXBuildFile section */
		D43E3BB2202CD998004FB974 /* AppDelegate.swift in Sources */ = {isa = PBXBuildFile; fileRef = D43E3BB1202CD998004FB974 /* AppDelegate.swift */; };
		D43E3BB4202CD998004FB974 /* ViewController.swift in Sources */ = {isa = PBXBuildFile; fileRef = D43E3BB3202CD998004FB974 /* ViewController.swift */; };
		D43E3BB7202CD998004FB974 /* Main.storyboard in Resources */ = {isa = PBXBuildFile; fileRef = D43E3BB5202CD998004FB974 /* Main.storyboard */; };
		D43E3BB9202CD998004FB974 /* Assets.xcassets in Resources */ = {isa = PBXBuildFile; fileRef = D43E3BB8202CD998004FB974 /* Assets.xcassets */; };
		D43E3BBC202CD998004FB974 /* LaunchScreen.storyboard in Resources */ = {isa = PBXBuildFile; fileRef = D43E3BBA202CD998004FB974 /* LaunchScreen.storyboard */; };
/* End PBXBuildFile section */

/* Begin PBXFileReference section */
		D43E3BAE202CD998004FB974 /* broadCastReplayKit.app */ = {isa = PBXFileReference; explicitFileType = wrapper.application; includeInIndex = 0; path = broadCastReplayKit.app; sourceTree = BUILT_PRODUCTS_DIR; };
		D43E3BB1202CD998004FB974 /* AppDelegate.swift */ = {isa = PBXFileReference; lastKnownFileType = sourcecode.swift; path = AppDelegate.swift; sourceTree = "<group>"; };
		D43E3BB3202CD998004FB974 /* ViewController.swift */ = {isa = PBXFileReference; lastKnownFileType = sourcecode.swift; path = ViewController.swift; sourceTree = "<group>"; };
		D43E3BB6202CD998004FB974 /* Base */ = {isa = PBXFileReference; lastKnownFileType = file.storyboard; name = Base; path = Base.lproj/Main.storyboard; sourceTree = "<group>"; };
		D43E3BB8202CD998004FB974 /* Assets.xcassets */ = {isa = PBXFileReference; lastKnownFileType = folder.assetcatalog; path = Assets.xcassets; sourceTree = "<group>"; };
		D43E3BBB202CD998004FB974 /* Base */ = {isa = PBXFileReference; lastKnownFileType = file.storyboard; name = Base; path = Base.lproj/LaunchScreen.storyboard; sourceTree = "<group>"; };
		D43E3BBD202CD998004FB974 /* Info.plist */ = {isa = PBXFileReference; lastKnownFileType = text.plist.xml; path = Info.plist; sourceTree = "<group>"; };
/* End PBXFileReference section */

/* Begin PBXFrameworksBuildPhase section */
		D43E3BAB202CD998004FB974 /* Frameworks */ = {
			isa = PBXFrameworksBuildPhase;
			buildActionMask = 2147483647;
			files = (
			);
			runOnlyForDeploymentPostprocessing = 0;
		};
/* End PBXFrameworksBuildPhase section */

/* Begin PBXGroup section */
		D43E3BA5202CD998004FB974 = {
			isa = PBXGroup;
			children = (
				D43E3BB0202CD998004FB974 /* broadCastReplayKit */,
				D43E3BAF202CD998004FB974 /* Products */,
			);
			sourceTree = "<group>";
		};
		D43E3BAF202CD998004FB974 /* Products */ = {
			isa = PBXGroup;
			children = (
				D43E3BAE202CD998004FB974 /* broadCastReplayKit.app */,
			);
			name = Products;
			sourceTree = "<group>";
		};
		D43E3BB0202CD998004FB974 /* broadCastReplayKit */ = {
			isa = PBXGroup;
			children = (
				D43E3BB1202CD998004FB974 /* AppDelegate.swift */,
				D43E3BB3202CD998004FB974 /* ViewController.swift */,
				D43E3BB5202CD998004FB974 /* Main.storyboard */,
				D43E3BB8202CD998004FB974 /* Assets.xcassets */,
				D43E3BBA202CD998004FB974 /* LaunchScreen.storyboard */,
				D43E3BBD202CD998004FB974 /* Info.plist */,
			);
			path = broadCastReplayKit;
			sourceTree = "<group>";
		};
/* End PBXGroup section */

/* Begin PBXNativeTarget section */
		D43E3BAD202CD998004FB974 /* broadCastReplayKit */ = {
			isa = PBXNativeTarget;
			buildConfigurationList = D43E3BC0202CD998004FB974 /* Build configuration list for PBXNativeTarget "broadCastReplayKit" */;
			buildPhases = (
				D43E3BAA202CD998004FB974 /* Sources */,
				D43E3BAB202CD998004FB974 /* Frameworks */,
				D43E3BAC202CD998004FB974 /* Resources */,
			);
			buildRules = (
			);
			dependencies = (
			);
			name = broadCastReplayKit;
			productName = broadCastReplayKit;
			productReference = D43E3BAE202CD998004FB974 /* broadCastReplayKit.app */;
			productType = "com.apple.product-type.application";
		};
/* End PBXNativeTarget section */

/* Begin PBXProject section */
		D43E3BA6202CD998004FB974 /* Project object */ = {
			isa = PBXProject;
			attributes = {
				LastSwiftUpdateCheck = 0920;
				LastUpgradeCheck = 0920;
				ORGANIZATIONNAME = "Geovanni Oliveira de Jesus";
				TargetAttributes = {
					D43E3BAD202CD998004FB974 = {
						CreatedOnToolsVersion = 9.2;
						ProvisioningStyle = Automatic;
					};
				};
			};
			buildConfigurationList = D43E3BA9202CD998004FB974 /* Build configuration list for PBXProject "broadCastReplayKit" */;
			compatibilityVersion = "Xcode 8.0";
			developmentRegion = en;
			hasScannedForEncodings = 0;
			knownRegions = (
				en,
				Base,
			);
			mainGroup = D43E3BA5202CD998004FB974;
			productRefGroup = D43E3BAF202CD998004FB974 /* Products */;
			projectDirPath = "";
			projectRoot = "";
			targets = (
				D43E3BAD202CD998004FB974 /* broadCastReplayKit */,
			);
		};
/* End PBXProject section */

/* Begin PBXResourcesBuildPhase section */
		D43E3BAC202CD998004FB974 /* Resources */ = {
			isa = PBXResourcesBuildPhase;
			buildActionMask = 2147483647;
			files = (
				D43E3BBC202CD998004FB974 /* LaunchScreen.storyboard in Resources */,
				D43E3BB9202CD998004FB974 /* Assets.xcassets in Resources */,
				D43E3BB7202CD998004FB974 /* Main.storyboard in Resources */,
			);
			runOnlyForDeploymentPostprocessing = 0;
		};
/* End PBXResourcesBuildPhase section */

/* Begin PBXSourcesBuildPhase section */
		D43E3BAA202CD998004FB974 /* Sources */ = {
			isa = PBXSourcesBuildPhase;
			buildActionMask = 2147483647;
			files = (
				D43E3BB4202CD998004FB974 /* ViewController.swift in Sources */,
				D43E3BB2202CD998004FB974 /* AppDelegate.swift in Sources */,
			);
			runOnlyForDeploymentPostprocessing = 0;
		};
/* End PBXSourcesBuildPhase section */

/* Begin PBXVariantGroup section */
		D43E3BB5202CD998004FB974 /* Main.storyboard */ = {
			isa = PBXVariantGroup;
			children = (
				D43E3BB6202CD998004FB974 /* Base */,
			);
			name = Main.storyboard;
			sourceTree = "<group>";
		};
		D43E3BBA202CD998004FB974 /* LaunchScreen.storyboard */ = {
			isa = PBXVariantGroup;
			children = (
				D43E3BBB202CD998004FB974 /* Base */,
			);
			name = LaunchScreen.storyboard;
			sourceTree = "<group>";
		};
/* End PBXVariantGroup section */

/* Begin XCBuildConfiguration section */
		D43E3BBE202CD998004FB974 /* Debug */ = {
			isa = XCBuildConfiguration;
			buildSettings = {
				ALWAYS_SEARCH_USER_PATHS = NO;
				CLANG_ANALYZER_NONNULL = YES;
				CLANG_ANALYZER_NUMBER_OBJECT_CONVERSION = YES_AGGRESSIVE;
				CLANG_CXX_LANGUAGE_STANDARD = "gnu++14";
				CLANG_CXX_LIBRARY = "libc++";
				CLANG_ENABLE_MODULES = YES;
				CLANG_ENABLE_OBJC_ARC = YES;
				CLANG_WARN_BLOCK_CAPTURE_AUTORELEASING = YES;
				CLANG_WARN_BOOL_CONVERSION = YES;
				CLANG_WARN_COMMA = YES;
				CLANG_WARN_CONSTANT_CONVERSION = YES;
				CLANG_WARN_DIRECT_OBJC_ISA_USAGE = YES_ERROR;
				CLANG_WARN_DOCUMENTATION_COMMENTS = YES;
				CLANG_WARN_EMPTY_BODY = YES;
				CLANG_WARN_ENUM_CONVERSION = YES;
				CLANG_WARN_INFINITE_RECURSION = YES;
				CLANG_WARN_INT_CONVERSION = YES;
				CLANG_WARN_NON_LITERAL_NULL_CONVERSION = YES;
				CLANG_WARN_OBJC_LITERAL_CONVERSION = YES;
				CLANG_WARN_OBJC_ROOT_CLASS = YES_ERROR;
				CLANG_WARN_RANGE_LOOP_ANALYSIS = YES;
				CLANG_WARN_STRICT_PROTOTYPES = YES;
				CLANG_WARN_SUSPICIOUS_MOVE = YES;
				CLANG_WARN_UNGUARDED_AVAILABILITY = YES_AGGRESSIVE;
				CLANG_WARN_UNREACHABLE_CODE = YES;
				CLANG_WARN__DUPLICATE_METHOD_MATCH = YES;
				CODE_SIGN_IDENTITY = "iPhone Developer";
				COPY_PHASE_STRIP = NO;
				DEBUG_INFORMATION_FORMAT = dwarf;
				ENABLE_STRICT_OBJC_MSGSEND = YES;
				ENABLE_TESTABILITY = YES;
				GCC_C_LANGUAGE_STANDARD = gnu11;
				GCC_DYNAMIC_NO_PIC = NO;
				GCC_NO_COMMON_BLOCKS = YES;
				GCC_OPTIMIZATION_LEVEL = 0;
				GCC_PREPROCESSOR_DEFINITIONS = (
					"DEBUG=1",
					"$(inherited)",
				);
				GCC_WARN_64_TO_32_BIT_CONVERSION = YES;
				GCC_WARN_ABOUT_RETURN_TYPE = YES_ERROR;
				GCC_WARN_UNDECLARED_SELECTOR = YES;
				GCC_WARN_UNINITIALIZED_AUTOS = YES_AGGRESSIVE;
				GCC_WARN_UNUSED_FUNCTION = YES;
				GCC_WARN_UNUSED_VARIABLE = YES;
				IPHONEOS_DEPLOYMENT_TARGET = 11.2;
				MTL_ENABLE_DEBUG_INFO = YES;
				ONLY_ACTIVE_ARCH = YES;
				SDKROOT = iphoneos;
				SWIFT_ACTIVE_COMPILATION_CONDITIONS = DEBUG;
				SWIFT_OPTIMIZATION_LEVEL = "-Onone";
			};
			name = Debug;
		};
		D43E3BBF202CD998004FB974 /* Release */ = {
			isa = XCBuildConfiguration;
			buildSettings = {
				ALWAYS_SEARCH_USER_PATHS = NO;
				CLANG_ANALYZER_NONNULL = YES;
				CLANG_ANALYZER_NUMBER_OBJECT_CONVERSION = YES_AGGRESSIVE;
				CLANG_CXX_LANGUAGE_STANDARD = "gnu++14";
				CLANG_CXX_LIBRARY = "libc++";
				CLANG_ENABLE_MODULES = YES;
				CLANG_ENABLE_OBJC_ARC = YES;
				CLANG_WARN_BLOCK_CAPTURE_AUTORELEASING = YES;
				CLANG_WARN_BOOL_CONVERSION = YES;
				CLANG_WARN_COMMA = YES;
				CLANG_WARN_CONSTANT_CONVERSION = YES;
				CLANG_WARN_DIRECT_OBJC_ISA_USAGE = YES_ERROR;
				CLANG_WARN_DOCUMENTATION_COMMENTS = YES;
				CLANG_WARN_EMPTY_BODY = YES;
				CLANG_WARN_ENUM_CONVERSION = YES;
				CLANG_WARN_INFINITE_RECURSION = YES;
				CLANG_WARN_INT_CONVERSION = YES;
				CLANG_WARN_NON_LITERAL_NULL_CONVERSION = YES;
				CLANG_WARN_OBJC_LITERAL_CONVERSION = YES;
				CLANG_WARN_OBJC_ROOT_CLASS = YES_ERROR;
				CLANG_WARN_RANGE_LOOP_ANALYSIS = YES;
				CLANG_WARN_STRICT_PROTOTYPES = YES;
				CLANG_WARN_SUSPICIOUS_MOVE = YES;
				CLANG_WARN_UNGUARDED_AVAILABILITY = YES_AGGRESSIVE;
				CLANG_WARN_UNREACHABLE_CODE = YES;
				CLANG_WARN__DUPLICATE_METHOD_MATCH = YES;
				CODE_SIGN_IDENTITY = "iPhone Developer";
				COPY_PHASE_STRIP = NO;
				DEBUG_INFORMATION_FORMAT = "dwarf-with-dsym";
				ENABLE_NS_ASSERTIONS = NO;
				ENABLE_STRICT_OBJC_MSGSEND = YES;
				GCC_C_LANGUAGE_STANDARD = gnu11;
				GCC_NO_COMMON_BLOCKS = YES;
				GCC_WARN_64_TO_32_BIT_CONVERSION = YES;
				GCC_WARN_ABOUT_RETURN_TYPE = YES_ERROR;
				GCC_WARN_UNDECLARED_SELECTOR = YES;
				GCC_WARN_UNINITIALIZED_AUTOS = YES_AGGRESSIVE;
				GCC_WARN_UNUSED_FUNCTION = YES;
				GCC_WARN_UNUSED_VARIABLE = YES;
				IPHONEOS_DEPLOYMENT_TARGET = 11.2;
				MTL_ENABLE_DEBUG_INFO = NO;
				SDKROOT = iphoneos;
				SWIFT_OPTIMIZATION_LEVEL = "-Owholemodule";
				VALIDATE_PRODUCT = YES;
			};
			name = Release;
		};
		D43E3BC1202CD998004FB974 /* Debug */ = {
			isa = XCBuildConfiguration;
			buildSettings = {
				ASSETCATALOG_COMPILER_APPICON_NAME = AppIcon;
				CODE_SIGN_STYLE = Automatic;
				DEVELOPMENT_TEAM = 7CN8A9X5L6;
				INFOPLIST_FILE = broadCastReplayKit/Info.plist;
				LD_RUNPATH_SEARCH_PATHS = "$(inherited) @executable_path/Frameworks";
				PRODUCT_BUNDLE_IDENTIFIER = com.broadCastReplayKit;
				PRODUCT_NAME = "$(TARGET_NAME)";
				SWIFT_VERSION = 4.0;
				TARGETED_DEVICE_FAMILY = "1,2";
			};
			name = Debug;
		};
		D43E3BC2202CD998004FB974 /* Release */ = {
			isa = XCBuildConfiguration;
			buildSettings = {
				ASSETCATALOG_COMPILER_APPICON_NAME = AppIcon;
				CODE_SIGN_STYLE = Automatic;
				DEVELOPMENT_TEAM = 7CN8A9X5L6;
				INFOPLIST_FILE = broadCastReplayKit/Info.plist;
				LD_RUNPATH_SEARCH_PATHS = "$(inherited) @executable_path/Frameworks";
				PRODUCT_BUNDLE_IDENTIFIER = com.broadCastReplayKit;
				PRODUCT_NAME = "$(TARGET_NAME)";
				SWIFT_VERSION = 4.0;
				TARGETED_DEVICE_FAMILY = "1,2";
			};
			name = Release;
		};
/* End XCBuildConfiguration section */

/* Begin XCConfigurationList section */
		D43E3BA9202CD998004FB974 /* Build configuration list for PBXProject "broadCastReplayKit" */ = {
			isa = XCConfigurationList;
			buildConfigurations = (
				D43E3BBE202CD998004FB974 /* Debug */,
				D43E3BBF202CD998004FB974 /* Release */,
			);
			defaultConfigurationIsVisible = 0;
			defaultConfigurationName = Release;
		};
		D43E3BC0202CD998004FB974 /* Build configuration list for PBXNativeTarget "broadCastReplayKit" */ = {
			isa = XCConfigurationList;
			buildConfigurations = (
				D43E3BC1202CD998004FB974 /* Debug */,
				D43E3BC2202CD998004FB974 /* Release */,
			);
			defaultConfigurationIsVisible = 0;
			defaultConfigurationName = Release;
		};
/* End XCConfigurationList section */
	};
	rootObject = D43E3BA6202CD998004FB974 /* Project object */;
}
